// !$*UTF8*$!
{
	archiveVersion = 1;
	classes = {
	};
	objectVersion = 77;
	objects = {

/* Begin PBXBuildFile section */
		1A2B3C4D5E6F700000000001 /* GPSMetadataEditorApp.swift in Sources */ = {isa = PBXBuildFile; fileRef = 1A2B3C4D5E6F700000000101 /* GPSMetadataEditorApp.swift */; };
		1A2B3C4D5E6F700000000002 /* FileIntakeView.swift in Sources */ = {isa = PBXBuildFile; fileRef = 1A2B3C4D5E6F700000000102 /* FileIntakeView.swift */; };
		1A2B3C4D5E6F700000000003 /* FileIntakeSmokeTests.swift in Sources */ = {isa = PBXBuildFile; fileRef = 1A2B3C4D5E6F700000000103 /* FileIntakeSmokeTests.swift */; };
		1A2B3C4D5E6F700000000004 /* AppDesign.swift in Sources */ = {isa = PBXBuildFile; fileRef = 1A2B3C4D5E6F700000000104 /* AppDesign.swift */; };
		1A2B3C4D5E6F700000000005 /* FileIntakeServiceTests.swift in Sources */ = {isa = PBXBuildFile; fileRef = 1A2B3C4D5E6F700000000105 /* FileIntakeServiceTests.swift */; };
		1A2B3C4D5E6F700000000006 /* MediaFileKind.swift in Sources */ = {isa = PBXBuildFile; fileRef = 1A2B3C4D5E6F700000000106 /* MediaFileKind.swift */; };
		1A2B3C4D5E6F700000000007 /* GPSStatus.swift in Sources */ = {isa = PBXBuildFile; fileRef = 1A2B3C4D5E6F700000000107 /* GPSStatus.swift */; };
		1A2B3C4D5E6F700000000008 /* FileResultStatus.swift in Sources */ = {isa = PBXBuildFile; fileRef = 1A2B3C4D5E6F700000000108 /* FileResultStatus.swift */; };
		1A2B3C4D5E6F700000000009 /* SelectedMediaFile.swift in Sources */ = {isa = PBXBuildFile; fileRef = 1A2B3C4D5E6F700000000109 /* SelectedMediaFile.swift */; };
		1A2B3C4D5E6F70000000000A /* IntakeWarning.swift in Sources */ = {isa = PBXBuildFile; fileRef = 1A2B3C4D5E6F70000000010A /* IntakeWarning.swift */; };
		1A2B3C4D5E6F70000000000B /* FileIntakeResult.swift in Sources */ = {isa = PBXBuildFile; fileRef = 1A2B3C4D5E6F70000000010B /* FileIntakeResult.swift */; };
		1A2B3C4D5E6F70000000000C /* FileIntakeService.swift in Sources */ = {isa = PBXBuildFile; fileRef = 1A2B3C4D5E6F70000000010C /* FileIntakeService.swift */; };
		1A2B3C4D5E6F70000000000D /* FileIntakeViewModelTests.swift in Sources */ = {isa = PBXBuildFile; fileRef = 1A2B3C4D5E6F70000000010D /* FileIntakeViewModelTests.swift */; };
		1A2B3C4D5E6F70000000000E /* FileIntakeViewModel.swift in Sources */ = {isa = PBXBuildFile; fileRef = 1A2B3C4D5E6F70000000010E /* FileIntakeViewModel.swift */; };
		1A2B3C4D5E6F70000000000F /* FileDropZone.swift in Sources */ = {isa = PBXBuildFile; fileRef = 1A2B3C4D5E6F70000000010F /* FileDropZone.swift */; };
		1A2B3C4D5E6F700000000010 /* SelectedFilesTable.swift in Sources */ = {isa = PBXBuildFile; fileRef = 1A2B3C4D5E6F700000000011 /* SelectedFilesTable.swift */; };
		1A2B3C4D5E6F700000000012 /* FileDetailPanel.swift in Sources */ = {isa = PBXBuildFile; fileRef = 1A2B3C4D5E6F700000000013 /* FileDetailPanel.swift */; };
		1A2B3C4D5E6F700000000014 /* WarningSummaryView.swift in Sources */ = {isa = PBXBuildFile; fileRef = 1A2B3C4D5E6F700000000015 /* WarningSummaryView.swift */; };
		1A2B3C4D5E6F700000000016 /* ReservedLocationPanel.swift in Sources */ = {isa = PBXBuildFile; fileRef = 1A2B3C4D5E6F700000000017 /* ReservedLocationPanel.swift */; };
		1A2B3C4D5E6F700000000300 /* CoordinateSelectionViewModel.swift in Sources */ = {isa = PBXBuildFile; fileRef = 1A2B3C4D5E6F700000000400 /* CoordinateSelectionViewModel.swift */; };
		1A2B3C4D5E6F700000000301 /* CoordinateSelectionView.swift in Sources */ = {isa = PBXBuildFile; fileRef = 1A2B3C4D5E6F700000000401 /* CoordinateSelectionView.swift */; };
		1A2B3C4D5E6F700000000302 /* CoordinateSelection.swift in Sources */ = {isa = PBXBuildFile; fileRef = 1A2B3C4D5E6F700000000402 /* CoordinateSelection.swift */; };
		1A2B3C4D5E6F700000000303 /* CoordinateFieldState.swift in Sources */ = {isa = PBXBuildFile; fileRef = 1A2B3C4D5E6F700000000403 /* CoordinateFieldState.swift */; };
		1A2B3C4D5E6F700000000304 /* MapPresentationStyle.swift in Sources */ = {isa = PBXBuildFile; fileRef = 1A2B3C4D5E6F700000000404 /* MapPresentationStyle.swift */; };
		1A2B3C4D5E6F700000000305 /* CoordinateSearchResult.swift in Sources */ = {isa = PBXBuildFile; fileRef = 1A2B3C4D5E6F700000000405 /* CoordinateSearchResult.swift */; };
		1A2B3C4D5E6F700000000306 /* CoordinateSearchService.swift in Sources */ = {isa = PBXBuildFile; fileRef = 1A2B3C4D5E6F700000000406 /* CoordinateSearchService.swift */; };
		1A2B3C4D5E6F700000000307 /* CoordinateSearchPanel.swift in Sources */ = {isa = PBXBuildFile; fileRef = 1A2B3C4D5E6F700000000407 /* CoordinateSearchPanel.swift */; };
		1A2B3C4D5E6F700000000308 /* CoordinateFieldsView.swift in Sources */ = {isa = PBXBuildFile; fileRef = 1A2B3C4D5E6F700000000408 /* CoordinateFieldsView.swift */; };
		1A2B3C4D5E6F700000000309 /* CoordinateMapView.swift in Sources */ = {isa = PBXBuildFile; fileRef = 1A2B3C4D5E6F700000000409 /* CoordinateMapView.swift */; };
		1A2B3C4D5E6F70000000030A /* MapStyleOverlay.swift in Sources */ = {isa = PBXBuildFile; fileRef = 1A2B3C4D5E6F70000000040A /* MapStyleOverlay.swift */; };
		1A2B3C4D5E6F70000000030B /* CoordinateSelectionViewModelTests.swift in Sources */ = {isa = PBXBuildFile; fileRef = 1A2B3C4D5E6F70000000040B /* CoordinateSelectionViewModelTests.swift */; };
		1A2B3C4D5E6F70000000030C /* CoordinateSearchServiceTests.swift in Sources */ = {isa = PBXBuildFile; fileRef = 1A2B3C4D5E6F70000000040C /* CoordinateSearchServiceTests.swift */; };
		1A2B3C4D5E6F70000000030D /* CoordinateSelectionSmokeTests.swift in Sources */ = {isa = PBXBuildFile; fileRef = 1A2B3C4D5E6F70000000040D /* CoordinateSelectionSmokeTests.swift */; };
/* End PBXBuildFile section */

/* Begin PBXContainerItemProxy section */
		1A2B3C4D5E6F700000000020 /* PBXContainerItemProxy */ = {
			isa = PBXContainerItemProxy;
			containerPortal = 1A2B3C4D5E6F700000000100 /* Project object */;
			proxyType = 1;
			remoteGlobalIDString = 1A2B3C4D5E6F700000000110;
			remoteInfo = GPSMetadataEditor;
		};
/* End PBXContainerItemProxy section */

/* Begin PBXFileReference section */
		1A2B3C4D5E6F700000000101 /* GPSMetadataEditorApp.swift */ = {isa = PBXFileReference; lastKnownFileType = sourcecode.swift; path = GPSMetadataEditorApp.swift; sourceTree = "<group>"; };
		1A2B3C4D5E6F700000000102 /* FileIntakeView.swift */ = {isa = PBXFileReference; lastKnownFileType = sourcecode.swift; path = FileIntakeView.swift; sourceTree = "<group>"; };
		1A2B3C4D5E6F700000000103 /* FileIntakeSmokeTests.swift */ = {isa = PBXFileReference; lastKnownFileType = sourcecode.swift; path = FileIntakeSmokeTests.swift; sourceTree = "<group>"; };
		1A2B3C4D5E6F700000000104 /* AppDesign.swift */ = {isa = PBXFileReference; lastKnownFileType = sourcecode.swift; path = AppDesign.swift; sourceTree = "<group>"; };
		1A2B3C4D5E6F700000000105 /* FileIntakeServiceTests.swift */ = {isa = PBXFileReference; lastKnownFileType = sourcecode.swift; path = FileIntakeServiceTests.swift; sourceTree = "<group>"; };
		1A2B3C4D5E6F700000000106 /* MediaFileKind.swift */ = {isa = PBXFileReference; lastKnownFileType = sourcecode.swift; path = MediaFileKind.swift; sourceTree = "<group>"; };
		1A2B3C4D5E6F700000000107 /* GPSStatus.swift */ = {isa = PBXFileReference; lastKnownFileType = sourcecode.swift; path = GPSStatus.swift; sourceTree = "<group>"; };
		1A2B3C4D5E6F700000000108 /* FileResultStatus.swift */ = {isa = PBXFileReference; lastKnownFileType = sourcecode.swift; path = FileResultStatus.swift; sourceTree = "<group>"; };
		1A2B3C4D5E6F700000000109 /* SelectedMediaFile.swift */ = {isa = PBXFileReference; lastKnownFileType = sourcecode.swift; path = SelectedMediaFile.swift; sourceTree = "<group>"; };
		1A2B3C4D5E6F70000000010A /* IntakeWarning.swift */ = {isa = PBXFileReference; lastKnownFileType = sourcecode.swift; path = IntakeWarning.swift; sourceTree = "<group>"; };
		1A2B3C4D5E6F70000000010B /* FileIntakeResult.swift */ = {isa = PBXFileReference; lastKnownFileType = sourcecode.swift; path = FileIntakeResult.swift; sourceTree = "<group>"; };
		1A2B3C4D5E6F70000000010C /* FileIntakeService.swift */ = {isa = PBXFileReference; lastKnownFileType = sourcecode.swift; path = FileIntakeService.swift; sourceTree = "<group>"; };
		1A2B3C4D5E6F70000000010D /* FileIntakeViewModelTests.swift */ = {isa = PBXFileReference; lastKnownFileType = sourcecode.swift; path = FileIntakeViewModelTests.swift; sourceTree = "<group>"; };
		1A2B3C4D5E6F70000000010E /* FileIntakeViewModel.swift */ = {isa = PBXFileReference; lastKnownFileType = sourcecode.swift; path = FileIntakeViewModel.swift; sourceTree = "<group>"; };
		1A2B3C4D5E6F70000000010F /* FileDropZone.swift */ = {isa = PBXFileReference; lastKnownFileType = sourcecode.swift; path = FileDropZone.swift; sourceTree = "<group>"; };
		1A2B3C4D5E6F700000000011 /* SelectedFilesTable.swift */ = {isa = PBXFileReference; lastKnownFileType = sourcecode.swift; path = SelectedFilesTable.swift; sourceTree = "<group>"; };
		1A2B3C4D5E6F700000000013 /* FileDetailPanel.swift */ = {isa = PBXFileReference; lastKnownFileType = sourcecode.swift; path = FileDetailPanel.swift; sourceTree = "<group>"; };
		1A2B3C4D5E6F700000000015 /* WarningSummaryView.swift */ = {isa = PBXFileReference; lastKnownFileType = sourcecode.swift; path = WarningSummaryView.swift; sourceTree = "<group>"; };
		1A2B3C4D5E6F700000000017 /* ReservedLocationPanel.swift */ = {isa = PBXFileReference; lastKnownFileType = sourcecode.swift; path = ReservedLocationPanel.swift; sourceTree = "<group>"; };
		1A2B3C4D5E6F700000000400 /* CoordinateSelectionViewModel.swift */ = {isa = PBXFileReference; lastKnownFileType = sourcecode.swift; path = CoordinateSelectionViewModel.swift; sourceTree = "<group>"; };
		1A2B3C4D5E6F700000000401 /* CoordinateSelectionView.swift */ = {isa = PBXFileReference; lastKnownFileType = sourcecode.swift; path = CoordinateSelectionView.swift; sourceTree = "<group>"; };
		1A2B3C4D5E6F700000000402 /* CoordinateSelection.swift */ = {isa = PBXFileReference; lastKnownFileType = sourcecode.swift; path = CoordinateSelection.swift; sourceTree = "<group>"; };
		1A2B3C4D5E6F700000000403 /* CoordinateFieldState.swift */ = {isa = PBXFileReference; lastKnownFileType = sourcecode.swift; path = CoordinateFieldState.swift; sourceTree = "<group>"; };
		1A2B3C4D5E6F700000000404 /* MapPresentationStyle.swift */ = {isa = PBXFileReference; lastKnownFileType = sourcecode.swift; path = MapPresentationStyle.swift; sourceTree = "<group>"; };
		1A2B3C4D5E6F700000000405 /* CoordinateSearchResult.swift */ = {isa = PBXFileReference; lastKnownFileType = sourcecode.swift; path = CoordinateSearchResult.swift; sourceTree = "<group>"; };
		1A2B3C4D5E6F700000000406 /* CoordinateSearchService.swift */ = {isa = PBXFileReference; lastKnownFileType = sourcecode.swift; path = CoordinateSearchService.swift; sourceTree = "<group>"; };
		1A2B3C4D5E6F700000000407 /* CoordinateSearchPanel.swift */ = {isa = PBXFileReference; lastKnownFileType = sourcecode.swift; path = CoordinateSearchPanel.swift; sourceTree = "<group>"; };
		1A2B3C4D5E6F700000000408 /* CoordinateFieldsView.swift */ = {isa = PBXFileReference; lastKnownFileType = sourcecode.swift; path = CoordinateFieldsView.swift; sourceTree = "<group>"; };
		1A2B3C4D5E6F700000000409 /* CoordinateMapView.swift */ = {isa = PBXFileReference; lastKnownFileType = sourcecode.swift; path = CoordinateMapView.swift; sourceTree = "<group>"; };
		1A2B3C4D5E6F70000000040A /* MapStyleOverlay.swift */ = {isa = PBXFileReference; lastKnownFileType = sourcecode.swift; path = MapStyleOverlay.swift; sourceTree = "<group>"; };
		1A2B3C4D5E6F70000000040B /* CoordinateSelectionViewModelTests.swift */ = {isa = PBXFileReference; lastKnownFileType = sourcecode.swift; path = CoordinateSelectionViewModelTests.swift; sourceTree = "<group>"; };
		1A2B3C4D5E6F70000000040C /* CoordinateSearchServiceTests.swift */ = {isa = PBXFileReference; lastKnownFileType = sourcecode.swift; path = CoordinateSearchServiceTests.swift; sourceTree = "<group>"; };
		1A2B3C4D5E6F70000000040D /* CoordinateSelectionSmokeTests.swift */ = {isa = PBXFileReference; lastKnownFileType = sourcecode.swift; path = CoordinateSelectionSmokeTests.swift; sourceTree = "<group>"; };
		1A2B3C4D5E6F700000000120 /* GPSMetadataEditor.app */ = {isa = PBXFileReference; explicitFileType = wrapper.application; includeInIndex = 0; path = GPSMetadataEditor.app; sourceTree = BUILT_PRODUCTS_DIR; };
		1A2B3C4D5E6F700000000121 /* GPSMetadataEditorTests.xctest */ = {isa = PBXFileReference; explicitFileType = wrapper.cfbundle; includeInIndex = 0; path = GPSMetadataEditorTests.xctest; sourceTree = BUILT_PRODUCTS_DIR; };
/* End PBXFileReference section */

/* Begin PBXFrameworksBuildPhase section */
		1A2B3C4D5E6F700000000130 /* Frameworks */ = {
			isa = PBXFrameworksBuildPhase;
			buildActionMask = 2147483647;
			files = (
			);
			runOnlyForDeploymentPostprocessing = 0;
		};
		1A2B3C4D5E6F700000000131 /* Frameworks */ = {
			isa = PBXFrameworksBuildPhase;
			buildActionMask = 2147483647;
			files = (
			);
			runOnlyForDeploymentPostprocessing = 0;
		};
/* End PBXFrameworksBuildPhase section */

/* Begin PBXGroup section */
		1A2B3C4D5E6F700000000140 = {
			isa = PBXGroup;
			children = (
				1A2B3C4D5E6F700000000141 /* GPSMetadataEditor */,
				1A2B3C4D5E6F700000000145 /* GPSMetadataEditorTests */,
				1A2B3C4D5E6F700000000146 /* Products */,
			);
			sourceTree = "<group>";
		};
		1A2B3C4D5E6F700000000141 /* GPSMetadataEditor */ = {
			isa = PBXGroup;
			children = (
				1A2B3C4D5E6F700000000101 /* GPSMetadataEditorApp.swift */,
				1A2B3C4D5E6F700000000142 /* Features */,
				1A2B3C4D5E6F700000000144 /* Support */,
			);
			path = GPSMetadataEditor;
			sourceTree = "<group>";
		};
		1A2B3C4D5E6F700000000142 /* Features */ = {
			isa = PBXGroup;
			children = (
				1A2B3C4D5E6F700000000143 /* FileIntake */,
				1A2B3C4D5E6F700000000500 /* CoordinateSelection */,
			);
			path = Features;
			sourceTree = "<group>";
		};
		1A2B3C4D5E6F700000000500 /* CoordinateSelection */ = {
			isa = PBXGroup;
			children = (
				1A2B3C4D5E6F700000000401 /* CoordinateSelectionView.swift */,
				1A2B3C4D5E6F700000000400 /* CoordinateSelectionViewModel.swift */,
				1A2B3C4D5E6F700000000501 /* Views */,
				1A2B3C4D5E6F700000000502 /* Models */,
				1A2B3C4D5E6F700000000503 /* Services */,
			);
			path = CoordinateSelection;
			sourceTree = "<group>";
		};
		1A2B3C4D5E6F700000000501 /* Views */ = {
			isa = PBXGroup;
			children = (
				1A2B3C4D5E6F700000000407 /* CoordinateSearchPanel.swift */,
				1A2B3C4D5E6F700000000408 /* CoordinateFieldsView.swift */,
				1A2B3C4D5E6F700000000409 /* CoordinateMapView.swift */,
				1A2B3C4D5E6F70000000040A /* MapStyleOverlay.swift */,
			);
			path = Views;
			sourceTree = "<group>";
		};
		1A2B3C4D5E6F700000000502 /* Models */ = {
			isa = PBXGroup;
			children = (
				1A2B3C4D5E6F700000000402 /* CoordinateSelection.swift */,
				1A2B3C4D5E6F700000000403 /* CoordinateFieldState.swift */,
				1A2B3C4D5E6F700000000404 /* MapPresentationStyle.swift */,
				1A2B3C4D5E6F700000000405 /* CoordinateSearchResult.swift */,
			);
			path = Models;
			sourceTree = "<group>";
		};
		1A2B3C4D5E6F700000000503 /* Services */ = {
			isa = PBXGroup;
			children = (
				1A2B3C4D5E6F700000000406 /* CoordinateSearchService.swift */,
			);
			path = Services;
			sourceTree = "<group>";
		};
		1A2B3C4D5E6F700000000143 /* FileIntake */ = {
			isa = PBXGroup;
			children = (
				1A2B3C4D5E6F700000000102 /* FileIntakeView.swift */,
				1A2B3C4D5E6F70000000010E /* FileIntakeViewModel.swift */,
				1A2B3C4D5E6F700000000149 /* Views */,
				1A2B3C4D5E6F700000000147 /* Models */,
				1A2B3C4D5E6F700000000148 /* Services */,
			);
			path = FileIntake;
			sourceTree = "<group>";
		};
		1A2B3C4D5E6F700000000149 /* Views */ = {
			isa = PBXGroup;
			children = (
				1A2B3C4D5E6F70000000010F /* FileDropZone.swift */,
				1A2B3C4D5E6F700000000011 /* SelectedFilesTable.swift */,
				1A2B3C4D5E6F700000000013 /* FileDetailPanel.swift */,
				1A2B3C4D5E6F700000000015 /* WarningSummaryView.swift */,
				1A2B3C4D5E6F700000000017 /* ReservedLocationPanel.swift */,
			);
			path = Views;
			sourceTree = "<group>";
		};
		1A2B3C4D5E6F700000000147 /* Models */ = {
			isa = PBXGroup;
			children = (
				1A2B3C4D5E6F700000000109 /* SelectedMediaFile.swift */,
				1A2B3C4D5E6F700000000106 /* MediaFileKind.swift */,
				1A2B3C4D5E6F700000000107 /* GPSStatus.swift */,
				1A2B3C4D5E6F700000000108 /* FileResultStatus.swift */,
				1A2B3C4D5E6F70000000010A /* IntakeWarning.swift */,
				1A2B3C4D5E6F70000000010B /* FileIntakeResult.swift */,
			);
			path = Models;
			sourceTree = "<group>";
		};
		1A2B3C4D5E6F700000000148 /* Services */ = {
			isa = PBXGroup;
			children = (
				1A2B3C4D5E6F70000000010C /* FileIntakeService.swift */,
			);
			path = Services;
			sourceTree = "<group>";
		};
		1A2B3C4D5E6F700000000144 /* Support */ = {
			isa = PBXGroup;
			children = (
				1A2B3C4D5E6F700000000104 /* AppDesign.swift */,
			);
			path = Support;
			sourceTree = "<group>";
		};
		1A2B3C4D5E6F700000000145 /* GPSMetadataEditorTests */ = {
			isa = PBXGroup;
			children = (
				1A2B3C4D5E6F700000000103 /* FileIntakeSmokeTests.swift */,
				1A2B3C4D5E6F700000000105 /* FileIntakeServiceTests.swift */,
				1A2B3C4D5E6F70000000010D /* FileIntakeViewModelTests.swift */,
				1A2B3C4D5E6F70000000040B /* CoordinateSelectionViewModelTests.swift */,
				1A2B3C4D5E6F70000000040C /* CoordinateSearchServiceTests.swift */,
				1A2B3C4D5E6F70000000040D /* CoordinateSelectionSmokeTests.swift */,
			);
			path = GPSMetadataEditorTests;
			sourceTree = "<group>";
		};
		1A2B3C4D5E6F700000000146 /* Products */ = {
			isa = PBXGroup;
			children = (
				1A2B3C4D5E6F700000000120 /* GPSMetadataEditor.app */,
				1A2B3C4D5E6F700000000121 /* GPSMetadataEditorTests.xctest */,
			);
			name = Products;
			sourceTree = "<group>";
		};
/* End PBXGroup section */

/* Begin PBXNativeTarget section */
		1A2B3C4D5E6F700000000110 /* GPSMetadataEditor */ = {
			isa = PBXNativeTarget;
			buildConfigurationList = 1A2B3C4D5E6F700000000200 /* Build configuration list for PBXNativeTarget "GPSMetadataEditor" */;
			buildPhases = (
				1A2B3C4D5E6F700000000150 /* Sources */,
				1A2B3C4D5E6F700000000130 /* Frameworks */,
				1A2B3C4D5E6F700000000151 /* Resources */,
			);
			buildRules = (
			);
			dependencies = (
			);
			name = GPSMetadataEditor;
			productName = GPSMetadataEditor;
			productReference = 1A2B3C4D5E6F700000000120 /* GPSMetadataEditor.app */;
			productType = "com.apple.product-type.application";
		};
		1A2B3C4D5E6F700000000111 /* GPSMetadataEditorTests */ = {
			isa = PBXNativeTarget;
			buildConfigurationList = 1A2B3C4D5E6F700000000201 /* Build configuration list for PBXNativeTarget "GPSMetadataEditorTests" */;
			buildPhases = (
				1A2B3C4D5E6F700000000152 /* Sources */,
				1A2B3C4D5E6F700000000131 /* Frameworks */,
				1A2B3C4D5E6F700000000153 /* Resources */,
			);
			buildRules = (
			);
			dependencies = (
				1A2B3C4D5E6F700000000021 /* PBXTargetDependency */,
			);
			name = GPSMetadataEditorTests;
			productName = GPSMetadataEditorTests;
			productReference = 1A2B3C4D5E6F700000000121 /* GPSMetadataEditorTests.xctest */;
			productType = "com.apple.product-type.bundle.unit-test";
		};
/* End PBXNativeTarget section */

/* Begin PBXProject section */
		1A2B3C4D5E6F700000000100 /* Project object */ = {
			isa = PBXProject;
			attributes = {
				BuildIndependentTargetsInParallel = 1;
				LastSwiftUpdateCheck = 2600;
				LastUpgradeCheck = 2600;
				TargetAttributes = {
					1A2B3C4D5E6F700000000110 = {
						CreatedOnToolsVersion = 26.0;
					};
					1A2B3C4D5E6F700000000111 = {
						CreatedOnToolsVersion = 26.0;
						TestTargetID = 1A2B3C4D5E6F700000000110;
					};
				};
			};
			buildConfigurationList = 1A2B3C4D5E6F700000000202 /* Build configuration list for PBXProject "GPSMetadataEditor" */;
			developmentRegion = en;
			hasScannedForEncodings = 0;
			knownRegions = (
				en,
				Base,
			);
			mainGroup = 1A2B3C4D5E6F700000000140;
			minimizedProjectReferenceProxies = 1;
			preferredProjectObjectVersion = 77;
			productRefGroup = 1A2B3C4D5E6F700000000146 /* Products */;
			projectDirPath = "";
			projectRoot = "";
			targets = (
				1A2B3C4D5E6F700000000110 /* GPSMetadataEditor */,
				1A2B3C4D5E6F700000000111 /* GPSMetadataEditorTests */,
			);
		};
/* End PBXProject section */

/* Begin PBXResourcesBuildPhase section */
		1A2B3C4D5E6F700000000151 /* Resources */ = {
			isa = PBXResourcesBuildPhase;
			buildActionMask = 2147483647;
			files = (
			);
			runOnlyForDeploymentPostprocessing = 0;
		};
		1A2B3C4D5E6F700000000153 /* Resources */ = {
			isa = PBXResourcesBuildPhase;
			buildActionMask = 2147483647;
			files = (
			);
			runOnlyForDeploymentPostprocessing = 0;
		};
/* End PBXResourcesBuildPhase section */

/* Begin PBXSourcesBuildPhase section */
		1A2B3C4D5E6F700000000150 /* Sources */ = {
			isa = PBXSourcesBuildPhase;
			buildActionMask = 2147483647;
			files = (
				1A2B3C4D5E6F700000000001 /* GPSMetadataEditorApp.swift in Sources */,
				1A2B3C4D5E6F700000000002 /* FileIntakeView.swift in Sources */,
				1A2B3C4D5E6F700000000004 /* AppDesign.swift in Sources */,
				1A2B3C4D5E6F700000000006 /* MediaFileKind.swift in Sources */,
				1A2B3C4D5E6F700000000007 /* GPSStatus.swift in Sources */,
				1A2B3C4D5E6F700000000008 /* FileResultStatus.swift in Sources */,
				1A2B3C4D5E6F700000000009 /* SelectedMediaFile.swift in Sources */,
				1A2B3C4D5E6F70000000000A /* IntakeWarning.swift in Sources */,
				1A2B3C4D5E6F70000000000B /* FileIntakeResult.swift in Sources */,
				1A2B3C4D5E6F70000000000C /* FileIntakeService.swift in Sources */,
				1A2B3C4D5E6F70000000000E /* FileIntakeViewModel.swift in Sources */,
				1A2B3C4D5E6F70000000000F /* FileDropZone.swift in Sources */,
				1A2B3C4D5E6F700000000010 /* SelectedFilesTable.swift in Sources */,
				1A2B3C4D5E6F700000000012 /* FileDetailPanel.swift in Sources */,
				1A2B3C4D5E6F700000000014 /* WarningSummaryView.swift in Sources */,
				1A2B3C4D5E6F700000000016 /* ReservedLocationPanel.swift in Sources */,
				1A2B3C4D5E6F700000000300 /* CoordinateSelectionViewModel.swift in Sources */,
				1A2B3C4D5E6F700000000301 /* CoordinateSelectionView.swift in Sources */,
				1A2B3C4D5E6F700000000302 /* CoordinateSelection.swift in Sources */,
				1A2B3C4D5E6F700000000303 /* CoordinateFieldState.swift in Sources */,
				1A2B3C4D5E6F700000000304 /* MapPresentationStyle.swift in Sources */,
				1A2B3C4D5E6F700000000305 /* CoordinateSearchResult.swift in Sources */,
				1A2B3C4D5E6F700000000306 /* CoordinateSearchService.swift in Sources */,
				1A2B3C4D5E6F700000000307 /* CoordinateSearchPanel.swift in Sources */,
				1A2B3C4D5E6F700000000308 /* CoordinateFieldsView.swift in Sources */,
				1A2B3C4D5E6F700000000309 /* CoordinateMapView.swift in Sources */,
				1A2B3C4D5E6F70000000030A /* MapStyleOverlay.swift in Sources */,
			);
			runOnlyForDeploymentPostprocessing = 0;
		};
		1A2B3C4D5E6F700000000152 /* Sources */ = {
			isa = PBXSourcesBuildPhase;
			buildActionMask = 2147483647;
			files = (
				1A2B3C4D5E6F700000000003 /* FileIntakeSmokeTests.swift in Sources */,
				1A2B3C4D5E6F700000000005 /* FileIntakeServiceTests.swift in Sources */,
				1A2B3C4D5E6F70000000000D /* FileIntakeViewModelTests.swift in Sources */,
				1A2B3C4D5E6F70000000030B /* CoordinateSelectionViewModelTests.swift in Sources */,
				1A2B3C4D5E6F70000000030C /* CoordinateSearchServiceTests.swift in Sources */,
				1A2B3C4D5E6F70000000030D /* CoordinateSelectionSmokeTests.swift in Sources */,
			);
			runOnlyForDeploymentPostprocessing = 0;
		};
/* End PBXSourcesBuildPhase section */

/* Begin PBXTargetDependency section */
		1A2B3C4D5E6F700000000021 /* PBXTargetDependency */ = {
			isa = PBXTargetDependency;
			target = 1A2B3C4D5E6F700000000110 /* GPSMetadataEditor */;
			targetProxy = 1A2B3C4D5E6F700000000020 /* PBXContainerItemProxy */;
		};
/* End PBXTargetDependency section */

/* Begin XCBuildConfiguration section */
		1A2B3C4D5E6F700000000210 /* Debug */ = {
			isa = XCBuildConfiguration;
			buildSettings = {
				ALWAYS_SEARCH_USER_PATHS = NO;
				CLANG_ANALYZER_NONNULL = YES;
				CLANG_ANALYZER_NUMBER_OBJECT_CONVERSION = YES_AGGRESSIVE;
				CLANG_CXX_LANGUAGE_STANDARD = "gnu++20";
				CLANG_ENABLE_MODULES = YES;
				CLANG_ENABLE_OBJC_ARC = YES;
				CLANG_ENABLE_OBJC_WEAK = YES;
				CLANG_WARN_BLOCK_CAPTURE_AUTORELEASING = YES;
				CLANG_WARN_BOOL_CONVERSION = YES;
				CLANG_WARN_COMMA = YES;
				CLANG_WARN_CONSTANT_CONVERSION = YES;
				CLANG_WARN_DEPRECATED_OBJC_IMPLEMENTATIONS = YES;
				CLANG_WARN_DIRECT_OBJC_ISA_USAGE = YES_ERROR;
				CLANG_WARN_DOCUMENTATION_COMMENTS = YES;
				CLANG_WARN_EMPTY_BODY = YES;
				CLANG_WARN_ENUM_CONVERSION = YES;
				CLANG_WARN_INFINITE_RECURSION = YES;
				CLANG_WARN_INT_CONVERSION = YES;
				CLANG_WARN_NON_LITERAL_NULL_CONVERSION = YES;
				CLANG_WARN_OBJC_IMPLICIT_RETAIN_SELF = YES;
				CLANG_WARN_OBJC_LITERAL_CONVERSION = YES;
				CLANG_WARN_OBJC_ROOT_CLASS = YES_ERROR;
				CLANG_WARN_QUOTED_INCLUDE_IN_FRAMEWORK_HEADER = YES;
				CLANG_WARN_RANGE_LOOP_ANALYSIS = YES;
				CLANG_WARN_STRICT_PROTOTYPES = YES;
				CLANG_WARN_SUSPICIOUS_MOVE = YES;
				CLANG_WARN_UNGUARDED_AVAILABILITY = YES_AGGRESSIVE;
				CLANG_WARN_UNREACHABLE_CODE = YES;
				CLANG_WARN__DUPLICATE_METHOD_MATCH = YES;
				COPY_PHASE_STRIP = NO;
				DEBUG_INFORMATION_FORMAT = dwarf;
				ENABLE_STRICT_OBJC_MSGSEND = YES;
				ENABLE_TESTABILITY = YES;
				ENABLE_USER_SCRIPT_SANDBOXING = YES;
				GCC_C_LANGUAGE_STANDARD = gnu17;
				GCC_DYNAMIC_NO_PIC = NO;
				GCC_NO_COMMON_BLOCKS = YES;
				GCC_OPTIMIZATION_LEVEL = 0;
				GCC_PREPROCESSOR_DEFINITIONS = (
					"DEBUG=1",
					"$(inherited)",
				);
				GCC_WARN_64_TO_32_BIT_CONVERSION = YES;
				GCC_WARN_ABOUT_RETURN_TYPE = YES_ERROR;
				GCC_WARN_UNDECLARED_SELECTOR = YES;
				GCC_WARN_UNINITIALIZED_AUTOS = YES_AGGRESSIVE;
				GCC_WARN_UNUSED_FUNCTION = YES;
				GCC_WARN_UNUSED_VARIABLE = YES;
				LOCALIZATION_PREFERS_STRING_CATALOGS = YES;
				MACOSX_DEPLOYMENT_TARGET = 26.0;
				MTL_ENABLE_DEBUG_INFO = INCLUDE_SOURCE;
				MTL_FAST_MATH = YES;
				ONLY_ACTIVE_ARCH = YES;
				SDKROOT = macosx;
				SWIFT_ACTIVE_COMPILATION_CONDITIONS = "DEBUG $(inherited)";
				SWIFT_APPROACHABLE_CONCURRENCY = YES;
				SWIFT_DEFAULT_ACTOR_ISOLATION = MainActor;
				SWIFT_EMIT_LOC_STRINGS = YES;
				SWIFT_STRICT_CONCURRENCY = complete;
				SWIFT_VERSION = 6.2;
			};
			name = Debug;
		};
		1A2B3C4D5E6F700000000211 /* Release */ = {
			isa = XCBuildConfiguration;
			buildSettings = {
				ALWAYS_SEARCH_USER_PATHS = NO;
				CLANG_ANALYZER_NONNULL = YES;
				CLANG_ANALYZER_NUMBER_OBJECT_CONVERSION = YES_AGGRESSIVE;
				CLANG_CXX_LANGUAGE_STANDARD = "gnu++20";
				CLANG_ENABLE_MODULES = YES;
				CLANG_ENABLE_OBJC_ARC = YES;
				CLANG_ENABLE_OBJC_WEAK = YES;
				CLANG_WARN_BLOCK_CAPTURE_AUTORELEASING = YES;
				CLANG_WARN_BOOL_CONVERSION = YES;
				CLANG_WARN_COMMA = YES;
				CLANG_WARN_CONSTANT_CONVERSION = YES;
				CLANG_WARN_DEPRECATED_OBJC_IMPLEMENTATIONS = YES;
				CLANG_WARN_DIRECT_OBJC_ISA_USAGE = YES_ERROR;
				CLANG_WARN_DOCUMENTATION_COMMENTS = YES;
				CLANG_WARN_EMPTY_BODY = YES;
				CLANG_WARN_ENUM_CONVERSION = YES;
				CLANG_WARN_INFINITE_RECURSION = YES;
				CLANG_WARN_INT_CONVERSION = YES;
				CLANG_WARN_NON_LITERAL_NULL_CONVERSION = YES;
				CLANG_WARN_OBJC_IMPLICIT_RETAIN_SELF = YES;
				CLANG_WARN_OBJC_LITERAL_CONVERSION = YES;
				CLANG_WARN_OBJC_ROOT_CLASS = YES_ERROR;
				CLANG_WARN_QUOTED_INCLUDE_IN_FRAMEWORK_HEADER = YES;
				CLANG_WARN_RANGE_LOOP_ANALYSIS = YES;
				CLANG_WARN_STRICT_PROTOTYPES = YES;
				CLANG_WARN_SUSPICIOUS_MOVE = YES;
				CLANG_WARN_UNGUARDED_AVAILABILITY = YES_AGGRESSIVE;
				CLANG_WARN_UNREACHABLE_CODE = YES;
				CLANG_WARN__DUPLICATE_METHOD_MATCH = YES;
				COPY_PHASE_STRIP = NO;
				DEBUG_INFORMATION_FORMAT = "dwarf-with-dsym";
				ENABLE_NS_ASSERTIONS = NO;
				ENABLE_STRICT_OBJC_MSGSEND = YES;
				ENABLE_USER_SCRIPT_SANDBOXING = YES;
				GCC_C_LANGUAGE_STANDARD = gnu17;
				GCC_NO_COMMON_BLOCKS = YES;
				GCC_WARN_64_TO_32_BIT_CONVERSION = YES;
				GCC_WARN_ABOUT_RETURN_TYPE = YES_ERROR;
				GCC_WARN_UNDECLARED_SELECTOR = YES;
				GCC_WARN_UNINITIALIZED_AUTOS = YES_AGGRESSIVE;
				GCC_WARN_UNUSED_FUNCTION = YES;
				GCC_WARN_UNUSED_VARIABLE = YES;
				LOCALIZATION_PREFERS_STRING_CATALOGS = YES;
				MACOSX_DEPLOYMENT_TARGET = 26.0;
				MTL_ENABLE_DEBUG_INFO = NO;
				MTL_FAST_MATH = YES;
				SDKROOT = macosx;
				SWIFT_APPROACHABLE_CONCURRENCY = YES;
				SWIFT_COMPILATION_MODE = wholemodule;
				SWIFT_DEFAULT_ACTOR_ISOLATION = MainActor;
				SWIFT_EMIT_LOC_STRINGS = YES;
				SWIFT_STRICT_CONCURRENCY = complete;
				SWIFT_VERSION = 6.2;
			};
			name = Release;
		};
		1A2B3C4D5E6F700000000212 /* Debug */ = {
			isa = XCBuildConfiguration;
			buildSettings = {
				ASSETCATALOG_COMPILER_APPICON_NAME = AppIcon;
				CODE_SIGN_STYLE = Automatic;
				COMBINE_HIDPI_IMAGES = YES;
				CURRENT_PROJECT_VERSION = 1;
				DEVELOPMENT_TEAM = "";
				ENABLE_HARDENED_RUNTIME = YES;
				GENERATE_INFOPLIST_FILE = YES;
				INFOPLIST_KEY_NSHumanReadableCopyright = "";
				INFOPLIST_KEY_NSPrincipalClass = NSApplication;
				LD_RUNPATH_SEARCH_PATHS = (
					"$(inherited)",
					"@executable_path/../Frameworks",
				);
				MARKETING_VERSION = 1.0;
				PRODUCT_BUNDLE_IDENTIFIER = com.example.GPSMetadataEditor;
				PRODUCT_NAME = "$(TARGET_NAME)";
				SWIFTUI_PREVIEWS = YES;
			};
			name = Debug;
		};
		1A2B3C4D5E6F700000000213 /* Release */ = {
			isa = XCBuildConfiguration;
			buildSettings = {
				ASSETCATALOG_COMPILER_APPICON_NAME = AppIcon;
				CODE_SIGN_STYLE = Automatic;
				COMBINE_HIDPI_IMAGES = YES;
				CURRENT_PROJECT_VERSION = 1;
				DEVELOPMENT_TEAM = "";
				ENABLE_HARDENED_RUNTIME = YES;
				GENERATE_INFOPLIST_FILE = YES;
				INFOPLIST_KEY_NSHumanReadableCopyright = "";
				INFOPLIST_KEY_NSPrincipalClass = NSApplication;
				LD_RUNPATH_SEARCH_PATHS = (
					"$(inherited)",
					"@executable_path/../Frameworks",
				);
				MARKETING_VERSION = 1.0;
				PRODUCT_BUNDLE_IDENTIFIER = com.example.GPSMetadataEditor;
				PRODUCT_NAME = "$(TARGET_NAME)";
				SWIFTUI_PREVIEWS = YES;
			};
			name = Release;
		};
		1A2B3C4D5E6F700000000214 /* Debug */ = {
			isa = XCBuildConfiguration;
			buildSettings = {
				CODE_SIGN_STYLE = Automatic;
				CURRENT_PROJECT_VERSION = 1;
				DEVELOPMENT_TEAM = "";
				GENERATE_INFOPLIST_FILE = YES;
				LD_RUNPATH_SEARCH_PATHS = (
					"$(inherited)",
					"@executable_path/../Frameworks",
					"@loader_path/../Frameworks",
				);
				MARKETING_VERSION = 1.0;
				PRODUCT_BUNDLE_IDENTIFIER = com.example.GPSMetadataEditorTests;
				PRODUCT_NAME = "$(TARGET_NAME)";
			};
			name = Debug;
		};
		1A2B3C4D5E6F700000000215 /* Release */ = {
			isa = XCBuildConfiguration;
			buildSettings = {
				CODE_SIGN_STYLE = Automatic;
				CURRENT_PROJECT_VERSION = 1;
				DEVELOPMENT_TEAM = "";
				GENERATE_INFOPLIST_FILE = YES;
				LD_RUNPATH_SEARCH_PATHS = (
					"$(inherited)",
					"@executable_path/../Frameworks",
					"@loader_path/../Frameworks",
				);
				MARKETING_VERSION = 1.0;
				PRODUCT_BUNDLE_IDENTIFIER = com.example.GPSMetadataEditorTests;
				PRODUCT_NAME = "$(TARGET_NAME)";
			};
			name = Release;
		};
/* End XCBuildConfiguration section */

/* Begin XCConfigurationList section */
		1A2B3C4D5E6F700000000200 /* Build configuration list for PBXNativeTarget "GPSMetadataEditor" */ = {
			isa = XCConfigurationList;
			buildConfigurations = (
				1A2B3C4D5E6F700000000212 /* Debug */,
				1A2B3C4D5E6F700000000213 /* Release */,
			);
			defaultConfigurationIsVisible = 0;
			defaultConfigurationName = Release;
		};
		1A2B3C4D5E6F700000000201 /* Build configuration list for PBXNativeTarget "GPSMetadataEditorTests" */ = {
			isa = XCConfigurationList;
			buildConfigurations = (
				1A2B3C4D5E6F700000000214 /* Debug */,
				1A2B3C4D5E6F700000000215 /* Release */,
			);
			defaultConfigurationIsVisible = 0;
			defaultConfigurationName = Release;
		};
		1A2B3C4D5E6F700000000202 /* Build configuration list for PBXProject "GPSMetadataEditor" */ = {
			isa = XCConfigurationList;
			buildConfigurations = (
				1A2B3C4D5E6F700000000210 /* Debug */,
				1A2B3C4D5E6F700000000211 /* Release */,
			);
			defaultConfigurationIsVisible = 0;
			defaultConfigurationName = Release;
		};
/* End XCConfigurationList section */
	};
	rootObject = 1A2B3C4D5E6F700000000100 /* Project object */;
}
